
Microsoft Visual Studio Solution File, Format Version 9.00
# Visual Studio 2005
Project("{FAE04EC0-301F-11D3-BF4B-00C04F79EFBC}") = "Izume.Mobile.Odeo.Common", "Common\Izume.Mobile.Odeo.Common.csproj", "{4CF56182-A9BD-46D7-A35F-8C2C34C25A0F}"
EndProject
Project("{FAE04EC0-301F-11D3-BF4B-00C04F79EFBC}") = "Izume.Mobile.Odeo.Application", "Application\Izume.Mobile.Odeo.Application.csproj", "{B45A1CEA-D7E1-44FD-B14E-ACBBA4774E9C}"
EndProject
Project("{FAE04EC0-301F-11D3-BF4B-00C04F79EFBC}") = "Izume.Mobile.Odeo.Smartphone", "Smartphone\Izume.Mobile.Odeo.Smartphone.csproj", "{D1D21521-CAE7-49FA-AB76-517B6CE857F2}"
EndProject
Project("{B900F1C2-3D47-4FEC-85B3-04AAF18C3634}") = "Izume.Mobile.Odeo.Cabs", "Cabs\Izume.Mobile.Odeo.Cabs.vddproj", "{AD28EFE9-DF26-4AD6-861B-06736C0276E2}"
EndProject
Global
	GlobalSection(SolutionConfigurationPlatforms) = preSolution
		Debug|Any CPU = Debug|Any CPU
		Release|Any CPU = Release|Any CPU
	EndGlobalSection
	GlobalSection(ProjectConfigurationPlatforms) = postSolution
		{4CF56182-A9BD-46D7-A35F-8C2C34C25A0F}.Debug|Any CPU.ActiveCfg = Debug|Any CPU
		{4CF56182-A9BD-46D7-A35F-8C2C34C25A0F}.Debug|Any CPU.Build.0 = Debug|Any CPU
		{4CF56182-A9BD-46D7-A35F-8C2C34C25A0F}.Release|Any CPU.ActiveCfg = Release|Any CPU
		{4CF56182-A9BD-46D7-A35F-8C2C34C25A0F}.Release|Any CPU.Build.0 = Release|Any CPU
		{B45A1CEA-D7E1-44FD-B14E-ACBBA4774E9C}.Debug|Any CPU.ActiveCfg = Debug|Any CPU
		{B45A1CEA-D7E1-44FD-B14E-ACBBA4774E9C}.Debug|Any CPU.Build.0 = Debug|Any CPU
		{B45A1CEA-D7E1-44FD-B14E-ACBBA4774E9C}.Release|Any CPU.ActiveCfg = Release|Any CPU
		{B45A1CEA-D7E1-44FD-B14E-ACBBA4774E9C}.Release|Any CPU.Build.0 = Release|Any CPU
		{D1D21521-CAE7-49FA-AB76-517B6CE857F2}.Debug|Any CPU.ActiveCfg = Debug|Any CPU
		{D1D21521-CAE7-49FA-AB76-517B6CE857F2}.Debug|Any CPU.Build.0 = Debug|Any CPU
		{D1D21521-CAE7-49FA-AB76-517B6CE857F2}.Debug|Any CPU.Deploy.0 = Debug|Any CPU
		{D1D21521-CAE7-49FA-AB76-517B6CE857F2}.Release|Any CPU.ActiveCfg = Release|Any CPU
		{D1D21521-CAE7-49FA-AB76-517B6CE857F2}.Release|Any CPU.Build.0 = Release|Any CPU
		{D1D21521-CAE7-49FA-AB76-517B6CE857F2}.Release|Any CPU.Deploy.0 = Release|Any CPU
		{AD28EFE9-DF26-4AD6-861B-06736C0276E2}.Debug|Any CPU.ActiveCfg = Debug
		{AD28EFE9-DF26-4AD6-861B-06736C0276E2}.Debug|Any CPU.Build.0 = Debug
		{AD28EFE9-DF26-4AD6-861B-06736C0276E2}.Release|Any CPU.ActiveCfg = Release
		{AD28EFE9-DF26-4AD6-861B-06736C0276E2}.Release|Any CPU.Build.0 = Release
	EndGlobalSection
	GlobalSection(SolutionProperties) = preSolution
		HideSolutionNode = FALSE
	EndGlobalSection
EndGlobal
